
Microsoft Visual Studio Solution File, Format Version 12.00
# Visual Studio 15
VisualStudioVersion = 15.0.27703.1
MinimumVisualStudioVersion = 10.0.40219.1
Project("{9A19103F-16F7-4668-BE54-9A1E7A4F7556}") = "Patterns", "src\Patterns\Patterns.csproj", "{43E17CE7-8638-47A8-A18D-4650A6B86CCE}"
EndProject
Global
	GlobalSection(SolutionConfigurationPlatforms) = preSolution
		Debug|Any CPU = Debug|Any CPU
		Release|Any CPU = Release|Any CPU
	EndGlobalSection
	GlobalSection(ProjectConfigurationPlatforms) = postSolution
		{43E17CE7-8638-47A8-A18D-4650A6B86CCE}.Debug|Any CPU.ActiveCfg = Debug|Any CPU
		{43E17CE7-8638-47A8-A18D-4650A6B86CCE}.Debug|Any CPU.Build.0 = Debug|Any CPU
		{43E17CE7-8638-47A8-A18D-4650A6B86CCE}.Release|Any CPU.ActiveCfg = Release|Any CPU
		{43E17CE7-8638-47A8-A18D-4650A6B86CCE}.Release|Any CPU.Build.0 = Release|Any CPU
	EndGlobalSection
	GlobalSection(SolutionProperties) = preSolution
		HideSolutionNode = FALSE
	EndGlobalSection
	GlobalSection(ExtensibilityGlobals) = postSolution
		SolutionGuid = {D57BC8FA-25DB-41D1-AA2C-7A97B3F6FCA2}
	EndGlobalSection
EndGlobal
