
Microsoft Visual Studio Solution File, Format Version 12.00
# Visual Studio 15
VisualStudioVersion = 15.0.27703.1
MinimumVisualStudioVersion = 10.0.40219.1
Project("{FAE04EC0-301F-11D3-BF4B-00C04F79EFBC}") = "Ranges", "src\Ranges\Ranges.csproj", "{0C7867C7-5753-4F01-BD3A-4FB6CAEE87FB}"
EndProject
Project("{FAE04EC0-301F-11D3-BF4B-00C04F79EFBC}") = "Patterns", "src\Patterns\Patterns.csproj", "{43E17CE7-8638-47A8-A18D-4650A6B86CCE}"
EndProject
Global
	GlobalSection(SolutionConfigurationPlatforms) = preSolution
		Debug|Any CPU = Debug|Any CPU
		Release|Any CPU = Release|Any CPU
	EndGlobalSection
	GlobalSection(ProjectConfigurationPlatforms) = postSolution
		{0C7867C7-5753-4F01-BD3A-4FB6CAEE87FB}.Debug|Any CPU.ActiveCfg = Debug|Any CPU
		{0C7867C7-5753-4F01-BD3A-4FB6CAEE87FB}.Debug|Any CPU.Build.0 = Debug|Any CPU
		{0C7867C7-5753-4F01-BD3A-4FB6CAEE87FB}.Release|Any CPU.ActiveCfg = Release|Any CPU
		{0C7867C7-5753-4F01-BD3A-4FB6CAEE87FB}.Release|Any CPU.Build.0 = Release|Any CPU
		{43E17CE7-8638-47A8-A18D-4650A6B86CCE}.Debug|Any CPU.ActiveCfg = Debug|Any CPU
		{43E17CE7-8638-47A8-A18D-4650A6B86CCE}.Debug|Any CPU.Build.0 = Debug|Any CPU
		{43E17CE7-8638-47A8-A18D-4650A6B86CCE}.Release|Any CPU.ActiveCfg = Release|Any CPU
		{43E17CE7-8638-47A8-A18D-4650A6B86CCE}.Release|Any CPU.Build.0 = Release|Any CPU
	EndGlobalSection
	GlobalSection(SolutionProperties) = preSolution
		HideSolutionNode = FALSE
	EndGlobalSection
	GlobalSection(ExtensibilityGlobals) = postSolution
		SolutionGuid = {D57BC8FA-25DB-41D1-AA2C-7A97B3F6FCA2}
	EndGlobalSection
EndGlobal
